
Microsoft Visual Studio Solution File, Format Version 12.00
# Visual Studio 14
VisualStudioVersion = 14.0.24720.0
MinimumVisualStudioVersion = 10.0.40219.1
Project("{581633EB-B896-402F-8E60-36F3DA191C85}") = "Dierenartsenpraktijk", "Dierenartsenpraktijk\Dierenartsenpraktijk.lsxtproj", "{CA6A01C1-6CB8-46D2-B67B-C46A8D35E90A}"
EndProject
Project("{FAE04EC0-301F-11D3-BF4B-00C04F79EFBC}") = "Dierenartsenpraktijk.Server", "Dierenartsenpraktijk\Dierenartsenpraktijk.Server\Dierenartsenpraktijk.Server.csproj", "{1C1EE88D-D7B5-42AC-BE2F-B08272AACAE9}"
EndProject
Project("{FAE04EC0-301F-11D3-BF4B-00C04F79EFBC}") = "Dierenartsenpraktijk.DesktopClient", "Dierenartsenpraktijk\Dierenartsenpraktijk.DesktopClient\Dierenartsenpraktijk.DesktopClient.csproj", "{C8A7B9FC-7DE9-4452-8874-7A393D3F3DB4}"
EndProject
Global
	GlobalSection(SolutionConfigurationPlatforms) = preSolution
		Debug|Any CPU = Debug|Any CPU
		Release|Any CPU = Release|Any CPU
	EndGlobalSection
	GlobalSection(ProjectConfigurationPlatforms) = postSolution
		{CA6A01C1-6CB8-46D2-B67B-C46A8D35E90A}.Debug|Any CPU.ActiveCfg = Debug|Any CPU
		{CA6A01C1-6CB8-46D2-B67B-C46A8D35E90A}.Debug|Any CPU.Build.0 = Debug|Any CPU
		{CA6A01C1-6CB8-46D2-B67B-C46A8D35E90A}.Release|Any CPU.ActiveCfg = Release|Any CPU
		{CA6A01C1-6CB8-46D2-B67B-C46A8D35E90A}.Release|Any CPU.Build.0 = Release|Any CPU
		{1C1EE88D-D7B5-42AC-BE2F-B08272AACAE9}.Debug|Any CPU.ActiveCfg = Debug|Any CPU
		{1C1EE88D-D7B5-42AC-BE2F-B08272AACAE9}.Debug|Any CPU.Build.0 = Debug|Any CPU
		{1C1EE88D-D7B5-42AC-BE2F-B08272AACAE9}.Release|Any CPU.ActiveCfg = Release|Any CPU
		{1C1EE88D-D7B5-42AC-BE2F-B08272AACAE9}.Release|Any CPU.Build.0 = Release|Any CPU
		{C8A7B9FC-7DE9-4452-8874-7A393D3F3DB4}.Debug|Any CPU.ActiveCfg = Debug|Any CPU
		{C8A7B9FC-7DE9-4452-8874-7A393D3F3DB4}.Debug|Any CPU.Build.0 = Debug|Any CPU
		{C8A7B9FC-7DE9-4452-8874-7A393D3F3DB4}.Release|Any CPU.ActiveCfg = Release|Any CPU
		{C8A7B9FC-7DE9-4452-8874-7A393D3F3DB4}.Release|Any CPU.Build.0 = Release|Any CPU
	EndGlobalSection
	GlobalSection(SolutionProperties) = preSolution
		HideSolutionNode = FALSE
	EndGlobalSection
EndGlobal
